<?xml version="1.0" encoding="utf-8"?>
<Project ToolsVersion="4.0" xmlns="http://schemas.microsoft.com/developer/msbuild/2003">
  <ItemGroup>
    <Filter Include="Source Files">
      <UniqueIdentifier>{4FC737F1-C7A5-4376-A066-2A32D752A2FF}</UniqueIdentifier>
      <Extensions>cpp;c;cc;cxx;c++;cppm;ixx;def;odl;idl;hpj;bat;asm;asmx</Extensions>
    </Filter>
    <Filter Include="Header Files">
      <UniqueIdentifier>{93995380-89BD-4b04-88EB-625FBE52EBFB}</UniqueIdentifier>
      <Extensions>h;hh;hpp;hxx;h++;hm;inl;inc;ipp;xsd</Extensions>
    </Filter>
    <Filter Include="Resource Files">
      <UniqueIdentifier>{67DA6AB6-F800-4c08-8B7A-83BB121AAD01}</UniqueIdentifier>
      <Extensions>rc;ico;cur;bmp;dlg;rc2;rct;bin;rgs;gif;jpg;jpeg;jpe;resx;tiff;tif;png;wav;mfcribbon-ms</Extensions>
    </Filter>
    <Filter Include="G.722.1">
      <UniqueIdentifier>{e4595c1c-9a2c-4487-b93e-4f7dd65032ef}</UniqueIdentifier>
    </Filter>
  </ItemGroup>
  <ItemGroup>
    <ClInclude Include="..\G_LIBS_BF592\cpp\fdct.h">
      <Filter>Header Files</Filter>
    </ClInclude>
    <ClInclude Include="..\G_LIBS_BF592\cpp\fdct_imp.h">
      <Filter>Header Files</Filter>
    </ClInclude>
    <ClInclude Include="..\G_LIBS_BF592\cpp\wavepack_imp.h">
      <Filter>Header Files</Filter>
    </ClInclude>
    <ClInclude Include="cpp\framework.h">
      <Filter>Header Files</Filter>
    </ClInclude>
    <ClInclude Include="cpp\pch.h">
      <Filter>Header Files</Filter>
    </ClInclude>
    <ClInclude Include="cpp\PackWave.h">
      <Filter>Header Files</Filter>
    </ClInclude>
    <ClInclude Include="..\G_LIBS_BF592\cpp\mdct.h">
      <Filter>Header Files</Filter>
    </ClInclude>
    <ClInclude Include="..\G_LIBS_BF592\cpp\mdct_imp.h">
      <Filter>Header Files</Filter>
    </ClInclude>
    <ClInclude Include="cpp\G.722.1\basop32.h">
      <Filter>G.722.1</Filter>
    </ClInclude>
    <ClInclude Include="cpp\G.722.1\count.h">
      <Filter>G.722.1</Filter>
    </ClInclude>
    <ClInclude Include="cpp\G.722.1\dct4_a.h">
      <Filter>G.722.1</Filter>
    </ClInclude>
    <ClInclude Include="cpp\G.722.1\dct4_s.h">
      <Filter>G.722.1</Filter>
    </ClInclude>
    <ClInclude Include="cpp\G.722.1\defs.h">
      <Filter>G.722.1</Filter>
    </ClInclude>
    <ClInclude Include="cpp\G.722.1\huff_def.h">
      <Filter>G.722.1</Filter>
    </ClInclude>
    <ClInclude Include="cpp\G.722.1\huff_tab.h">
      <Filter>G.722.1</Filter>
    </ClInclude>
    <ClInclude Include="cpp\G.722.1\tables.h">
      <Filter>G.722.1</Filter>
    </ClInclude>
    <ClInclude Include="cpp\G.722.1\typedef.h">
      <Filter>G.722.1</Filter>
    </ClInclude>
  </ItemGroup>
  <ItemGroup>
    <None Include="PackWave.def">
      <Filter>Resource Files</Filter>
    </None>
  </ItemGroup>
  <ItemGroup>
    <ClCompile Include="cpp\dllmain.cpp">
      <Filter>Source Files</Filter>
    </ClCompile>
    <ClCompile Include="cpp\pack.cpp">
      <Filter>Source Files</Filter>
    </ClCompile>
    <ClCompile Include="cpp\pch.cpp">
      <Filter>Source Files</Filter>
    </ClCompile>
    <ClCompile Include="cpp\G.722.1\basop32.cpp">
      <Filter>G.722.1</Filter>
    </ClCompile>
    <ClCompile Include="cpp\G.722.1\coef2sam.cpp">
      <Filter>G.722.1</Filter>
    </ClCompile>
    <ClCompile Include="cpp\G.722.1\common.cpp">
      <Filter>G.722.1</Filter>
    </ClCompile>
    <ClCompile Include="cpp\G.722.1\count.cpp">
      <Filter>G.722.1</Filter>
    </ClCompile>
    <ClCompile Include="cpp\G.722.1\dct4_a.cpp">
      <Filter>G.722.1</Filter>
    </ClCompile>
    <ClCompile Include="cpp\G.722.1\dct4_s.cpp">
      <Filter>G.722.1</Filter>
    </ClCompile>
    <ClCompile Include="cpp\G.722.1\decoder.cpp">
      <Filter>G.722.1</Filter>
    </ClCompile>
    <ClCompile Include="cpp\G.722.1\encoder.cpp">
      <Filter>G.722.1</Filter>
    </ClCompile>
    <ClCompile Include="cpp\G.722.1\huff_tab.cpp">
      <Filter>G.722.1</Filter>
    </ClCompile>
    <ClCompile Include="cpp\G.722.1\sam2coef.cpp">
      <Filter>G.722.1</Filter>
    </ClCompile>
    <ClCompile Include="cpp\G.722.1\tables.cpp">
      <Filter>G.722.1</Filter>
    </ClCompile>
  </ItemGroup>
</Project>